// !$*UTF8*$!
{
	archiveVersion = 1;
	classes = {
	};
	objectVersion = 48;
	objects = {

/* Begin PBXBuildFile section */
		3F1C57CB3416739C235A08E7 /* Pods_ArtPart.framework in Frameworks */ = {isa = PBXBuildFile; fileRef = C37F781C42E6BE933CE90C91 /* Pods_ArtPart.framework */; };
		433D6BC61F44C88100DFBAEA /* AppDelegate.swift in Sources */ = {isa = PBXBuildFile; fileRef = 433D6BC51F44C88100DFBAEA /* AppDelegate.swift */; };
		433D6BC81F44C88100DFBAEA /* LoginViewController.swift in Sources */ = {isa = PBXBuildFile; fileRef = 433D6BC71F44C88100DFBAEA /* LoginViewController.swift */; };
		433D6BCB1F44C88100DFBAEA /* Main.storyboard in Resources */ = {isa = PBXBuildFile; fileRef = 433D6BC91F44C88100DFBAEA /* Main.storyboard */; };
		433D6BCD1F44C88100DFBAEA /* Assets.xcassets in Resources */ = {isa = PBXBuildFile; fileRef = 433D6BCC1F44C88100DFBAEA /* Assets.xcassets */; };
		433D6BD01F44C88100DFBAEA /* LaunchScreen.storyboard in Resources */ = {isa = PBXBuildFile; fileRef = 433D6BCE1F44C88100DFBAEA /* LaunchScreen.storyboard */; };
		433FF81E1F4E431800503C7F /* ArtGivenViewController.swift in Sources */ = {isa = PBXBuildFile; fileRef = 433FF81D1F4E431800503C7F /* ArtGivenViewController.swift */; };
		433FF8201F4E448600503C7F /* DetailsViewController.swift in Sources */ = {isa = PBXBuildFile; fileRef = 433FF81F1F4E448600503C7F /* DetailsViewController.swift */; };
		433FF8221F4E517900503C7F /* ViewTasks.swift in Sources */ = {isa = PBXBuildFile; fileRef = 433FF8211F4E517900503C7F /* ViewTasks.swift */; };
		433FF8241F4E8CA500503C7F /* PaymentGivenViewController.swift in Sources */ = {isa = PBXBuildFile; fileRef = 433FF8231F4E8CA500503C7F /* PaymentGivenViewController.swift */; };
		4376C4F91F53AD0A00A8476F /* MyArtViewController.swift in Sources */ = {isa = PBXBuildFile; fileRef = 4376C4F81F53AD0900A8476F /* MyArtViewController.swift */; };
		4382B4141F44C9EC00BD71E0 /* SettingsViewController.swift in Sources */ = {isa = PBXBuildFile; fileRef = 4382B4131F44C9EC00BD71E0 /* SettingsViewController.swift */; };
		4382B4161F44C9FA00BD71E0 /* GiveArtViewController.swift in Sources */ = {isa = PBXBuildFile; fileRef = 4382B4151F44C9FA00BD71E0 /* GiveArtViewController.swift */; };
		4382B4181F44CA0700BD71E0 /* HomeViewController.swift in Sources */ = {isa = PBXBuildFile; fileRef = 4382B4171F44CA0700BD71E0 /* HomeViewController.swift */; };
		4382B41A1F44CC6800BD71E0 /* GoogleService-Info.plist in Resources */ = {isa = PBXBuildFile; fileRef = 4382B4191F44CB5000BD71E0 /* GoogleService-Info.plist */; };
		4382B41C1F44F38D00BD71E0 /* ArtCollectionViewCell.swift in Sources */ = {isa = PBXBuildFile; fileRef = 4382B41B1F44F38D00BD71E0 /* ArtCollectionViewCell.swift */; };
		43A772301F451A3900CA4AA8 /* ArtRequests.swift in Sources */ = {isa = PBXBuildFile; fileRef = 43A7722F1F451A3900CA4AA8 /* ArtRequests.swift */; };
		43F8E52B1F4655D100BDFF5D /* ArtDetailViewController.swift in Sources */ = {isa = PBXBuildFile; fileRef = 43F8E52A1F4655D100BDFF5D /* ArtDetailViewController.swift */; };
/* End PBXBuildFile section */

/* Begin PBXFileReference section */
		433D6BC21F44C88100DFBAEA /* ArtPart.app */ = {isa = PBXFileReference; explicitFileType = wrapper.application; includeInIndex = 0; path = ArtPart.app; sourceTree = BUILT_PRODUCTS_DIR; };
		433D6BC51F44C88100DFBAEA /* AppDelegate.swift */ = {isa = PBXFileReference; lastKnownFileType = sourcecode.swift; path = AppDelegate.swift; sourceTree = "<group>"; };
		433D6BC71F44C88100DFBAEA /* LoginViewController.swift */ = {isa = PBXFileReference; lastKnownFileType = sourcecode.swift; path = LoginViewController.swift; sourceTree = "<group>"; };
		433D6BCA1F44C88100DFBAEA /* Base */ = {isa = PBXFileReference; lastKnownFileType = file.storyboard; name = Base; path = Base.lproj/Main.storyboard; sourceTree = "<group>"; };
		433D6BCC1F44C88100DFBAEA /* Assets.xcassets */ = {isa = PBXFileReference; lastKnownFileType = folder.assetcatalog; path = Assets.xcassets; sourceTree = "<group>"; };
		433D6BCF1F44C88100DFBAEA /* Base */ = {isa = PBXFileReference; lastKnownFileType = file.storyboard; name = Base; path = Base.lproj/LaunchScreen.storyboard; sourceTree = "<group>"; };
		433D6BD11F44C88100DFBAEA /* Info.plist */ = {isa = PBXFileReference; lastKnownFileType = text.plist.xml; path = Info.plist; sourceTree = "<group>"; };
		433FF81D1F4E431800503C7F /* ArtGivenViewController.swift */ = {isa = PBXFileReference; lastKnownFileType = sourcecode.swift; path = ArtGivenViewController.swift; sourceTree = "<group>"; };
		433FF81F1F4E448600503C7F /* DetailsViewController.swift */ = {isa = PBXFileReference; lastKnownFileType = sourcecode.swift; path = DetailsViewController.swift; sourceTree = "<group>"; };
		433FF8211F4E517900503C7F /* ViewTasks.swift */ = {isa = PBXFileReference; lastKnownFileType = sourcecode.swift; path = ViewTasks.swift; sourceTree = "<group>"; };
		433FF8231F4E8CA500503C7F /* PaymentGivenViewController.swift */ = {isa = PBXFileReference; lastKnownFileType = sourcecode.swift; path = PaymentGivenViewController.swift; sourceTree = "<group>"; };
		4376C4F81F53AD0900A8476F /* MyArtViewController.swift */ = {isa = PBXFileReference; fileEncoding = 4; lastKnownFileType = sourcecode.swift; path = MyArtViewController.swift; sourceTree = "<group>"; };
		4382B4131F44C9EC00BD71E0 /* SettingsViewController.swift */ = {isa = PBXFileReference; lastKnownFileType = sourcecode.swift; path = SettingsViewController.swift; sourceTree = "<group>"; };
		4382B4151F44C9FA00BD71E0 /* GiveArtViewController.swift */ = {isa = PBXFileReference; lastKnownFileType = sourcecode.swift; path = GiveArtViewController.swift; sourceTree = "<group>"; };
		4382B4171F44CA0700BD71E0 /* HomeViewController.swift */ = {isa = PBXFileReference; lastKnownFileType = sourcecode.swift; path = HomeViewController.swift; sourceTree = "<group>"; };
		4382B4191F44CB5000BD71E0 /* GoogleService-Info.plist */ = {isa = PBXFileReference; lastKnownFileType = text.plist.xml; path = "GoogleService-Info.plist"; sourceTree = "<group>"; };
		4382B41B1F44F38D00BD71E0 /* ArtCollectionViewCell.swift */ = {isa = PBXFileReference; lastKnownFileType = sourcecode.swift; path = ArtCollectionViewCell.swift; sourceTree = "<group>"; };
		43A7722F1F451A3900CA4AA8 /* ArtRequests.swift */ = {isa = PBXFileReference; lastKnownFileType = sourcecode.swift; path = ArtRequests.swift; sourceTree = "<group>"; };
		43F8E52A1F4655D100BDFF5D /* ArtDetailViewController.swift */ = {isa = PBXFileReference; lastKnownFileType = sourcecode.swift; path = ArtDetailViewController.swift; sourceTree = "<group>"; };
		43F8E52C1F469BE400BDFF5D /* ArtPart.entitlements */ = {isa = PBXFileReference; lastKnownFileType = text.plist.entitlements; path = ArtPart.entitlements; sourceTree = "<group>"; };
		7CC24313C84F1C0F874EC659 /* Pods-ArtPart.release.xcconfig */ = {isa = PBXFileReference; includeInIndex = 1; lastKnownFileType = text.xcconfig; name = "Pods-ArtPart.release.xcconfig"; path = "Pods/Target Support Files/Pods-ArtPart/Pods-ArtPart.release.xcconfig"; sourceTree = "<group>"; };
		C37F781C42E6BE933CE90C91 /* Pods_ArtPart.framework */ = {isa = PBXFileReference; explicitFileType = wrapper.framework; includeInIndex = 0; path = Pods_ArtPart.framework; sourceTree = BUILT_PRODUCTS_DIR; };
		C85D33278C448EB3EE07623B /* Pods-ArtPart.debug.xcconfig */ = {isa = PBXFileReference; includeInIndex = 1; lastKnownFileType = text.xcconfig; name = "Pods-ArtPart.debug.xcconfig"; path = "Pods/Target Support Files/Pods-ArtPart/Pods-ArtPart.debug.xcconfig"; sourceTree = "<group>"; };
/* End PBXFileReference section */

/* Begin PBXFrameworksBuildPhase section */
		433D6BBF1F44C88100DFBAEA /* Frameworks */ = {
			isa = PBXFrameworksBuildPhase;
			buildActionMask = 2147483647;
			files = (
				3F1C57CB3416739C235A08E7 /* Pods_ArtPart.framework in Frameworks */,
			);
			runOnlyForDeploymentPostprocessing = 0;
		};
/* End PBXFrameworksBuildPhase section */

/* Begin PBXGroup section */
		433D6BB91F44C88100DFBAEA = {
			isa = PBXGroup;
			children = (
				433D6BC41F44C88100DFBAEA /* ArtPart */,
				433D6BC31F44C88100DFBAEA /* Products */,
				762260DAA7487FFE7FC19EAC /* Pods */,
				E9CE9B7768D4539F03EABB59 /* Frameworks */,
			);
			sourceTree = "<group>";
		};
		433D6BC31F44C88100DFBAEA /* Products */ = {
			isa = PBXGroup;
			children = (
				433D6BC21F44C88100DFBAEA /* ArtPart.app */,
			);
			name = Products;
			sourceTree = "<group>";
		};
		433D6BC41F44C88100DFBAEA /* ArtPart */ = {
			isa = PBXGroup;
			children = (
				43F8E52C1F469BE400BDFF5D /* ArtPart.entitlements */,
				433D6BD71F44C8A300DFBAEA /* Model */,
				4382B40F1F44C8C700BD71E0 /* View */,
				4382B4111F44C8DF00BD71E0 /* Controller */,
				4382B4121F44C8FB00BD71E0 /* Supporting Files */,
				433D6BC51F44C88100DFBAEA /* AppDelegate.swift */,
			);
			path = ArtPart;
			sourceTree = "<group>";
		};
		433D6BD71F44C8A300DFBAEA /* Model */ = {
			isa = PBXGroup;
			children = (
				43A7722F1F451A3900CA4AA8 /* ArtRequests.swift */,
			);
			path = Model;
			sourceTree = "<group>";
		};
		4382B40F1F44C8C700BD71E0 /* View */ = {
			isa = PBXGroup;
			children = (
				433D6BCE1F44C88100DFBAEA /* LaunchScreen.storyboard */,
				433D6BC91F44C88100DFBAEA /* Main.storyboard */,
				4382B41B1F44F38D00BD71E0 /* ArtCollectionViewCell.swift */,
				433FF8211F4E517900503C7F /* ViewTasks.swift */,
			);
			path = View;
			sourceTree = "<group>";
		};
		4382B4111F44C8DF00BD71E0 /* Controller */ = {
			isa = PBXGroup;
			children = (
				433D6BC71F44C88100DFBAEA /* LoginViewController.swift */,
				4382B4131F44C9EC00BD71E0 /* SettingsViewController.swift */,
				4382B4151F44C9FA00BD71E0 /* GiveArtViewController.swift */,
				4382B4171F44CA0700BD71E0 /* HomeViewController.swift */,
				43F8E52A1F4655D100BDFF5D /* ArtDetailViewController.swift */,
				433FF81D1F4E431800503C7F /* ArtGivenViewController.swift */,
				433FF81F1F4E448600503C7F /* DetailsViewController.swift */,
				433FF8231F4E8CA500503C7F /* PaymentGivenViewController.swift */,
				4376C4F81F53AD0900A8476F /* MyArtViewController.swift */,
			);
			path = Controller;
			sourceTree = "<group>";
		};
		4382B4121F44C8FB00BD71E0 /* Supporting Files */ = {
			isa = PBXGroup;
			children = (
				4382B4191F44CB5000BD71E0 /* GoogleService-Info.plist */,
				433D6BCC1F44C88100DFBAEA /* Assets.xcassets */,
				433D6BD11F44C88100DFBAEA /* Info.plist */,
			);
			path = "Supporting Files";
			sourceTree = "<group>";
		};
		762260DAA7487FFE7FC19EAC /* Pods */ = {
			isa = PBXGroup;
			children = (
				C85D33278C448EB3EE07623B /* Pods-ArtPart.debug.xcconfig */,
				7CC24313C84F1C0F874EC659 /* Pods-ArtPart.release.xcconfig */,
			);
			name = Pods;
			sourceTree = "<group>";
		};
		E9CE9B7768D4539F03EABB59 /* Frameworks */ = {
			isa = PBXGroup;
			children = (
				C37F781C42E6BE933CE90C91 /* Pods_ArtPart.framework */,
			);
			name = Frameworks;
			sourceTree = "<group>";
		};
/* End PBXGroup section */

/* Begin PBXNativeTarget section */
		433D6BC11F44C88100DFBAEA /* ArtPart */ = {
			isa = PBXNativeTarget;
			buildConfigurationList = 433D6BD41F44C88100DFBAEA /* Build configuration list for PBXNativeTarget "ArtPart" */;
			buildPhases = (
				459E90B852217A5855047B17 /* [CP] Check Pods Manifest.lock */,
				433D6BBE1F44C88100DFBAEA /* Sources */,
				433D6BBF1F44C88100DFBAEA /* Frameworks */,
				433D6BC01F44C88100DFBAEA /* Resources */,
				147280D036A010D474879CA9 /* [CP] Embed Pods Frameworks */,
				F26D461100336EBBF8B05CDF /* [CP] Copy Pods Resources */,
			);
			buildRules = (
			);
			dependencies = (
			);
			name = ArtPart;
			productName = ArtPart;
			productReference = 433D6BC21F44C88100DFBAEA /* ArtPart.app */;
			productType = "com.apple.product-type.application";
		};
/* End PBXNativeTarget section */

/* Begin PBXProject section */
		433D6BBA1F44C88100DFBAEA /* Project object */ = {
			isa = PBXProject;
			attributes = {
				LastSwiftUpdateCheck = 0900;
				LastUpgradeCheck = 0900;
				ORGANIZATIONNAME = "Mihir Thanekar";
				TargetAttributes = {
					433D6BC11F44C88100DFBAEA = {
						CreatedOnToolsVersion = 9.0;
						SystemCapabilities = {
							com.apple.ApplePay = {
								enabled = 1;
							};
						};
					};
				};
			};
			buildConfigurationList = 433D6BBD1F44C88100DFBAEA /* Build configuration list for PBXProject "ArtPart" */;
			compatibilityVersion = "Xcode 8.0";
			developmentRegion = en;
			hasScannedForEncodings = 0;
			knownRegions = (
				en,
				Base,
			);
			mainGroup = 433D6BB91F44C88100DFBAEA;
			productRefGroup = 433D6BC31F44C88100DFBAEA /* Products */;
			projectDirPath = "";
			projectRoot = "";
			targets = (
				433D6BC11F44C88100DFBAEA /* ArtPart */,
			);
		};
/* End PBXProject section */

/* Begin PBXResourcesBuildPhase section */
		433D6BC01F44C88100DFBAEA /* Resources */ = {
			isa = PBXResourcesBuildPhase;
			buildActionMask = 2147483647;
			files = (
				433D6BD01F44C88100DFBAEA /* LaunchScreen.storyboard in Resources */,
				4382B41A1F44CC6800BD71E0 /* GoogleService-Info.plist in Resources */,
				433D6BCD1F44C88100DFBAEA /* Assets.xcassets in Resources */,
				433D6BCB1F44C88100DFBAEA /* Main.storyboard in Resources */,
			);
			runOnlyForDeploymentPostprocessing = 0;
		};
/* End PBXResourcesBuildPhase section */

/* Begin PBXShellScriptBuildPhase section */
		147280D036A010D474879CA9 /* [CP] Embed Pods Frameworks */ = {
			isa = PBXShellScriptBuildPhase;
			buildActionMask = 2147483647;
			files = (
			);
			inputPaths = (
			);
			name = "[CP] Embed Pods Frameworks";
			outputPaths = (
			);
			runOnlyForDeploymentPostprocessing = 0;
			shellPath = /bin/sh;
			shellScript = "\"${SRCROOT}/Pods/Target Support Files/Pods-ArtPart/Pods-ArtPart-frameworks.sh\"\n";
			showEnvVarsInLog = 0;
		};
		459E90B852217A5855047B17 /* [CP] Check Pods Manifest.lock */ = {
			isa = PBXShellScriptBuildPhase;
			buildActionMask = 2147483647;
			files = (
			);
			inputPaths = (
			);
			name = "[CP] Check Pods Manifest.lock";
			outputPaths = (
			);
			runOnlyForDeploymentPostprocessing = 0;
			shellPath = /bin/sh;
			shellScript = "diff \"${PODS_PODFILE_DIR_PATH}/Podfile.lock\" \"${PODS_ROOT}/Manifest.lock\" > /dev/null\nif [ $? != 0 ] ; then\n    # print error to STDERR\n    echo \"error: The sandbox is not in sync with the Podfile.lock. Run 'pod install' or update your CocoaPods installation.\" >&2\n    exit 1\nfi\n";
			showEnvVarsInLog = 0;
		};
		F26D461100336EBBF8B05CDF /* [CP] Copy Pods Resources */ = {
			isa = PBXShellScriptBuildPhase;
			buildActionMask = 2147483647;
			files = (
			);
			inputPaths = (
			);
			name = "[CP] Copy Pods Resources";
			outputPaths = (
			);
			runOnlyForDeploymentPostprocessing = 0;
			shellPath = /bin/sh;
			shellScript = "\"${SRCROOT}/Pods/Target Support Files/Pods-ArtPart/Pods-ArtPart-resources.sh\"\n";
			showEnvVarsInLog = 0;
		};
/* End PBXShellScriptBuildPhase section */

/* Begin PBXSourcesBuildPhase section */
		433D6BBE1F44C88100DFBAEA /* Sources */ = {
			isa = PBXSourcesBuildPhase;
			buildActionMask = 2147483647;
			files = (
				4382B4181F44CA0700BD71E0 /* HomeViewController.swift in Sources */,
				43F8E52B1F4655D100BDFF5D /* ArtDetailViewController.swift in Sources */,
				433FF81E1F4E431800503C7F /* ArtGivenViewController.swift in Sources */,
				43A772301F451A3900CA4AA8 /* ArtRequests.swift in Sources */,
				433D6BC81F44C88100DFBAEA /* LoginViewController.swift in Sources */,
				4382B41C1F44F38D00BD71E0 /* ArtCollectionViewCell.swift in Sources */,
				433D6BC61F44C88100DFBAEA /* AppDelegate.swift in Sources */,
				433FF8221F4E517900503C7F /* ViewTasks.swift in Sources */,
				4382B4141F44C9EC00BD71E0 /* SettingsViewController.swift in Sources */,
				4376C4F91F53AD0A00A8476F /* MyArtViewController.swift in Sources */,
				4382B4161F44C9FA00BD71E0 /* GiveArtViewController.swift in Sources */,
				433FF8241F4E8CA500503C7F /* PaymentGivenViewController.swift in Sources */,
				433FF8201F4E448600503C7F /* DetailsViewController.swift in Sources */,
			);
			runOnlyForDeploymentPostprocessing = 0;
		};
/* End PBXSourcesBuildPhase section */

/* Begin PBXVariantGroup section */
		433D6BC91F44C88100DFBAEA /* Main.storyboard */ = {
			isa = PBXVariantGroup;
			children = (
				433D6BCA1F44C88100DFBAEA /* Base */,
			);
			name = Main.storyboard;
			sourceTree = "<group>";
		};
		433D6BCE1F44C88100DFBAEA /* LaunchScreen.storyboard */ = {
			isa = PBXVariantGroup;
			children = (
				433D6BCF1F44C88100DFBAEA /* Base */,
			);
			name = LaunchScreen.storyboard;
			sourceTree = "<group>";
		};
/* End PBXVariantGroup section */

/* Begin XCBuildConfiguration section */
		433D6BD21F44C88100DFBAEA /* Debug */ = {
			isa = XCBuildConfiguration;
			buildSettings = {
				ALWAYS_SEARCH_USER_PATHS = NO;
				CLANG_ANALYZER_NONNULL = YES;
				CLANG_ANALYZER_NUMBER_OBJECT_CONVERSION = YES_AGGRESSIVE;
				CLANG_CXX_LANGUAGE_STANDARD = "gnu++14";
				CLANG_CXX_LIBRARY = "libc++";
				CLANG_ENABLE_MODULES = YES;
				CLANG_ENABLE_OBJC_ARC = YES;
				CLANG_WARN_BLOCK_CAPTURE_AUTORELEASING = YES;
				CLANG_WARN_BOOL_CONVERSION = YES;
				CLANG_WARN_COMMA = YES;
				CLANG_WARN_CONSTANT_CONVERSION = YES;
				CLANG_WARN_DIRECT_OBJC_ISA_USAGE = YES_ERROR;
				CLANG_WARN_DOCUMENTATION_COMMENTS = YES;
				CLANG_WARN_EMPTY_BODY = YES;
				CLANG_WARN_ENUM_CONVERSION = YES;
				CLANG_WARN_INFINITE_RECURSION = YES;
				CLANG_WARN_INT_CONVERSION = YES;
				CLANG_WARN_NON_LITERAL_NULL_CONVERSION = YES;
				CLANG_WARN_OBJC_LITERAL_CONVERSION = YES;
				CLANG_WARN_OBJC_ROOT_CLASS = YES_ERROR;
				CLANG_WARN_RANGE_LOOP_ANALYSIS = YES;
				CLANG_WARN_STRICT_PROTOTYPES = YES;
				CLANG_WARN_SUSPICIOUS_MOVE = YES;
				CLANG_WARN_UNGUARDED_AVAILABILITY = YES_AGGRESSIVE;
				CLANG_WARN_UNREACHABLE_CODE = YES;
				CLANG_WARN__DUPLICATE_METHOD_MATCH = YES;
				CODE_SIGN_IDENTITY = "iPhone Developer";
				COPY_PHASE_STRIP = NO;
				DEBUG_INFORMATION_FORMAT = dwarf;
				ENABLE_STRICT_OBJC_MSGSEND = YES;
				ENABLE_TESTABILITY = YES;
				GCC_C_LANGUAGE_STANDARD = gnu11;
				GCC_DYNAMIC_NO_PIC = NO;
				GCC_NO_COMMON_BLOCKS = YES;
				GCC_OPTIMIZATION_LEVEL = 0;
				GCC_PREPROCESSOR_DEFINITIONS = (
					"DEBUG=1",
					"$(inherited)",
				);
				GCC_WARN_64_TO_32_BIT_CONVERSION = YES;
				GCC_WARN_ABOUT_RETURN_TYPE = YES_ERROR;
				GCC_WARN_UNDECLARED_SELECTOR = YES;
				GCC_WARN_UNINITIALIZED_AUTOS = YES_AGGRESSIVE;
				GCC_WARN_UNUSED_FUNCTION = YES;
				GCC_WARN_UNUSED_VARIABLE = YES;
				IPHONEOS_DEPLOYMENT_TARGET = 11.0;
				MTL_ENABLE_DEBUG_INFO = YES;
				ONLY_ACTIVE_ARCH = YES;
				SDKROOT = iphoneos;
				SWIFT_ACTIVE_COMPILATION_CONDITIONS = DEBUG;
				SWIFT_OPTIMIZATION_LEVEL = "-Onone";
			};
			name = Debug;
		};
		433D6BD31F44C88100DFBAEA /* Release */ = {
			isa = XCBuildConfiguration;
			buildSettings = {
				ALWAYS_SEARCH_USER_PATHS = NO;
				CLANG_ANALYZER_NONNULL = YES;
				CLANG_ANALYZER_NUMBER_OBJECT_CONVERSION = YES_AGGRESSIVE;
				CLANG_CXX_LANGUAGE_STANDARD = "gnu++14";
				CLANG_CXX_LIBRARY = "libc++";
				CLANG_ENABLE_MODULES = YES;
				CLANG_ENABLE_OBJC_ARC = YES;
				CLANG_WARN_BLOCK_CAPTURE_AUTORELEASING = YES;
				CLANG_WARN_BOOL_CONVERSION = YES;
				CLANG_WARN_COMMA = YES;
				CLANG_WARN_CONSTANT_CONVERSION = YES;
				CLANG_WARN_DIRECT_OBJC_ISA_USAGE = YES_ERROR;
				CLANG_WARN_DOCUMENTATION_COMMENTS = YES;
				CLANG_WARN_EMPTY_BODY = YES;
				CLANG_WARN_ENUM_CONVERSION = YES;
				CLANG_WARN_INFINITE_RECURSION = YES;
				CLANG_WARN_INT_CONVERSION = YES;
				CLANG_WARN_NON_LITERAL_NULL_CONVERSION = YES;
				CLANG_WARN_OBJC_LITERAL_CONVERSION = YES;
				CLANG_WARN_OBJC_ROOT_CLASS = YES_ERROR;
				CLANG_WARN_RANGE_LOOP_ANALYSIS = YES;
				CLANG_WARN_STRICT_PROTOTYPES = YES;
				CLANG_WARN_SUSPICIOUS_MOVE = YES;
				CLANG_WARN_UNGUARDED_AVAILABILITY = YES_AGGRESSIVE;
				CLANG_WARN_UNREACHABLE_CODE = YES;
				CLANG_WARN__DUPLICATE_METHOD_MATCH = YES;
				CODE_SIGN_IDENTITY = "iPhone Developer";
				COPY_PHASE_STRIP = NO;
				DEBUG_INFORMATION_FORMAT = "dwarf-with-dsym";
				ENABLE_NS_ASSERTIONS = NO;
				ENABLE_STRICT_OBJC_MSGSEND = YES;
				GCC_C_LANGUAGE_STANDARD = gnu11;
				GCC_NO_COMMON_BLOCKS = YES;
				GCC_WARN_64_TO_32_BIT_CONVERSION = YES;
				GCC_WARN_ABOUT_RETURN_TYPE = YES_ERROR;
				GCC_WARN_UNDECLARED_SELECTOR = YES;
				GCC_WARN_UNINITIALIZED_AUTOS = YES_AGGRESSIVE;
				GCC_WARN_UNUSED_FUNCTION = YES;
				GCC_WARN_UNUSED_VARIABLE = YES;
				IPHONEOS_DEPLOYMENT_TARGET = 11.0;
				MTL_ENABLE_DEBUG_INFO = NO;
				SDKROOT = iphoneos;
				SWIFT_OPTIMIZATION_LEVEL = "-Owholemodule";
				VALIDATE_PRODUCT = YES;
			};
			name = Release;
		};
		433D6BD51F44C88100DFBAEA /* Debug */ = {
			isa = XCBuildConfiguration;
			baseConfigurationReference = C85D33278C448EB3EE07623B /* Pods-ArtPart.debug.xcconfig */;
			buildSettings = {
				ASSETCATALOG_COMPILER_APPICON_NAME = AppIcon;
				CODE_SIGN_ENTITLEMENTS = ArtPart/ArtPart.entitlements;
				DEVELOPMENT_TEAM = J82X3YWF6V;
				INFOPLIST_FILE = "ArtPart/Supporting Files/Info.plist";
				IPHONEOS_DEPLOYMENT_TARGET = 9.3;
				LD_RUNPATH_SEARCH_PATHS = "$(inherited) @executable_path/Frameworks";
				PRODUCT_BUNDLE_IDENTIFIER = me.mihirthanekar.ArtPart;
				PRODUCT_NAME = "$(TARGET_NAME)";
				SWIFT_VERSION = 3.0;
				TARGETED_DEVICE_FAMILY = "1,2";
			};
			name = Debug;
		};
		433D6BD61F44C88100DFBAEA /* Release */ = {
			isa = XCBuildConfiguration;
			baseConfigurationReference = 7CC24313C84F1C0F874EC659 /* Pods-ArtPart.release.xcconfig */;
			buildSettings = {
				ASSETCATALOG_COMPILER_APPICON_NAME = AppIcon;
				CODE_SIGN_ENTITLEMENTS = ArtPart/ArtPart.entitlements;
				DEVELOPMENT_TEAM = J82X3YWF6V;
				INFOPLIST_FILE = "ArtPart/Supporting Files/Info.plist";
				IPHONEOS_DEPLOYMENT_TARGET = 9.3;
				LD_RUNPATH_SEARCH_PATHS = "$(inherited) @executable_path/Frameworks";
				PRODUCT_BUNDLE_IDENTIFIER = me.mihirthanekar.ArtPart;
				PRODUCT_NAME = "$(TARGET_NAME)";
				SWIFT_VERSION = 3.0;
				TARGETED_DEVICE_FAMILY = "1,2";
			};
			name = Release;
		};
/* End XCBuildConfiguration section */

/* Begin XCConfigurationList section */
		433D6BBD1F44C88100DFBAEA /* Build configuration list for PBXProject "ArtPart" */ = {
			isa = XCConfigurationList;
			buildConfigurations = (
				433D6BD21F44C88100DFBAEA /* Debug */,
				433D6BD31F44C88100DFBAEA /* Release */,
			);
			defaultConfigurationIsVisible = 0;
			defaultConfigurationName = Release;
		};
		433D6BD41F44C88100DFBAEA /* Build configuration list for PBXNativeTarget "ArtPart" */ = {
			isa = XCConfigurationList;
			buildConfigurations = (
				433D6BD51F44C88100DFBAEA /* Debug */,
				433D6BD61F44C88100DFBAEA /* Release */,
			);
			defaultConfigurationIsVisible = 0;
			defaultConfigurationName = Release;
		};
/* End XCConfigurationList section */
	};
	rootObject = 433D6BBA1F44C88100DFBAEA /* Project object */;
}
